
Microsoft Visual Studio Solution File, Format Version 12.00
# Visual Studio Version 17
VisualStudioVersion = 17.5.002.0
MinimumVisualStudioVersion = 10.0.40219.1
Project("{9A19103F-16F7-4668-BE54-9A1E7A4F7556}") = "circle-face-length", "circle-face-length.csproj", "{1A63DD12-B238-4805-96A1-0272678DABA1}"
EndProject
Global
	GlobalSection(SolutionConfigurationPlatforms) = preSolution
		Debug|Any CPU = Debug|Any CPU
		Release|Any CPU = Release|Any CPU
	EndGlobalSection
	GlobalSection(ProjectConfigurationPlatforms) = postSolution
		{1A63DD12-B238-4805-96A1-0272678DABA1}.Debug|Any CPU.ActiveCfg = Debug|Any CPU
		{1A63DD12-B238-4805-96A1-0272678DABA1}.Debug|Any CPU.Build.0 = Debug|Any CPU
		{1A63DD12-B238-4805-96A1-0272678DABA1}.Release|Any CPU.ActiveCfg = Release|Any CPU
		{1A63DD12-B238-4805-96A1-0272678DABA1}.Release|Any CPU.Build.0 = Release|Any CPU
	EndGlobalSection
	GlobalSection(SolutionProperties) = preSolution
		HideSolutionNode = FALSE
	EndGlobalSection
	GlobalSection(ExtensibilityGlobals) = postSolution
		SolutionGuid = {EC7E2ECD-A9EF-4073-9833-C62D620FED8F}
	EndGlobalSection
EndGlobal
